
Microsoft Visual Studio Solution File, Format Version 12.00
# Visual Studio Version 16
VisualStudioVersion = 16.0.31005.135
MinimumVisualStudioVersion = 10.0.40219.1
Project("{9A19103F-16F7-4668-BE54-9A1E7A4F7556}") = "TrackerLibrary", "TrackerLibrary\TrackerLibrary.csproj", "{D9075BEE-5E0E-4F05-AD51-3FD73C3B86BA}"
EndProject
Project("{FAE04EC0-301F-11D3-BF4B-00C04F79EFBC}") = "TrackerUI", "TrackerUI\TrackerUI.csproj", "{334C1B22-C6A7-4D57-9769-2D473F542808}"
EndProject
Global
	GlobalSection(SolutionConfigurationPlatforms) = preSolution
		Debug|Any CPU = Debug|Any CPU
		Release|Any CPU = Release|Any CPU
	EndGlobalSection
	GlobalSection(ProjectConfigurationPlatforms) = postSolution
		{D9075BEE-5E0E-4F05-AD51-3FD73C3B86BA}.Debug|Any CPU.ActiveCfg = Debug|Any CPU
		{D9075BEE-5E0E-4F05-AD51-3FD73C3B86BA}.Debug|Any CPU.Build.0 = Debug|Any CPU
		{D9075BEE-5E0E-4F05-AD51-3FD73C3B86BA}.Release|Any CPU.ActiveCfg = Release|Any CPU
		{D9075BEE-5E0E-4F05-AD51-3FD73C3B86BA}.Release|Any CPU.Build.0 = Release|Any CPU
		{334C1B22-C6A7-4D57-9769-2D473F542808}.Debug|Any CPU.ActiveCfg = Debug|Any CPU
		{334C1B22-C6A7-4D57-9769-2D473F542808}.Debug|Any CPU.Build.0 = Debug|Any CPU
		{334C1B22-C6A7-4D57-9769-2D473F542808}.Release|Any CPU.ActiveCfg = Release|Any CPU
		{334C1B22-C6A7-4D57-9769-2D473F542808}.Release|Any CPU.Build.0 = Release|Any CPU
	EndGlobalSection
	GlobalSection(SolutionProperties) = preSolution
		HideSolutionNode = FALSE
	EndGlobalSection
	GlobalSection(ExtensibilityGlobals) = postSolution
		SolutionGuid = {D48598DA-F4A3-4EDE-BAF8-F88157785EE8}
	EndGlobalSection
EndGlobal
